
Microsoft Visual Studio Solution File, Format Version 12.00
# Visual Studio Version 16
VisualStudioVersion = 16.0.29911.84
MinimumVisualStudioVersion = 10.0.40219.1
Project("{9A19103F-16F7-4668-BE54-9A1E7A4F7556}") = "CtrlZ", "CtrlZ\CtrlZ.csproj", "{B987F143-C4AC-4CCE-B3AC-2990EA511EFC}"
EndProject
Project("{FAE04EC0-301F-11D3-BF4B-00C04F79EFBC}") = "Core", "Core\Core.csproj", "{5DCD7DB0-0016-4E28-A5D5-B0C976AFCE57}"
EndProject
Project("{FAE04EC0-301F-11D3-BF4B-00C04F79EFBC}") = "DataLayer", "DataLayer\DataLayer.csproj", "{26AF5F62-52EC-473E-9A59-7BA46A772CC1}"
EndProject
Global
	GlobalSection(SolutionConfigurationPlatforms) = preSolution
		Debug|Any CPU = Debug|Any CPU
		Release|Any CPU = Release|Any CPU
	EndGlobalSection
	GlobalSection(ProjectConfigurationPlatforms) = postSolution
		{B987F143-C4AC-4CCE-B3AC-2990EA511EFC}.Debug|Any CPU.ActiveCfg = Debug|Any CPU
		{B987F143-C4AC-4CCE-B3AC-2990EA511EFC}.Debug|Any CPU.Build.0 = Debug|Any CPU
		{B987F143-C4AC-4CCE-B3AC-2990EA511EFC}.Release|Any CPU.ActiveCfg = Release|Any CPU
		{B987F143-C4AC-4CCE-B3AC-2990EA511EFC}.Release|Any CPU.Build.0 = Release|Any CPU
		{5DCD7DB0-0016-4E28-A5D5-B0C976AFCE57}.Debug|Any CPU.ActiveCfg = Debug|Any CPU
		{5DCD7DB0-0016-4E28-A5D5-B0C976AFCE57}.Debug|Any CPU.Build.0 = Debug|Any CPU
		{5DCD7DB0-0016-4E28-A5D5-B0C976AFCE57}.Release|Any CPU.ActiveCfg = Release|Any CPU
		{5DCD7DB0-0016-4E28-A5D5-B0C976AFCE57}.Release|Any CPU.Build.0 = Release|Any CPU
		{26AF5F62-52EC-473E-9A59-7BA46A772CC1}.Debug|Any CPU.ActiveCfg = Debug|Any CPU
		{26AF5F62-52EC-473E-9A59-7BA46A772CC1}.Debug|Any CPU.Build.0 = Debug|Any CPU
		{26AF5F62-52EC-473E-9A59-7BA46A772CC1}.Release|Any CPU.ActiveCfg = Release|Any CPU
		{26AF5F62-52EC-473E-9A59-7BA46A772CC1}.Release|Any CPU.Build.0 = Release|Any CPU
	EndGlobalSection
	GlobalSection(SolutionProperties) = preSolution
		HideSolutionNode = FALSE
	EndGlobalSection
	GlobalSection(ExtensibilityGlobals) = postSolution
		SolutionGuid = {84AD8630-0E40-4AF9-89E9-3AF818E85C11}
	EndGlobalSection
EndGlobal
